
Microsoft Visual Studio Solution File, Format Version 12.00
# Visual Studio 15
VisualStudioVersion = 15.0.26124.0
MinimumVisualStudioVersion = 15.0.26124.0
Project("{2150E333-8FDC-42A3-9474-1A3956D46DE8}") = "src", "src", "{7862F5A5-E6F4-4F87-B056-1E4341B29198}"
EndProject
Project("{FAE04EC0-301F-11D3-BF4B-00C04F79EFBC}") = "BoomTown.MongoMigrate", "src\BoomTown.MongoMigrate\BoomTown.MongoMigrate.csproj", "{7F663A9B-868E-436C-86E6-5152DCA47FCF}"
EndProject
Project("{2150E333-8FDC-42A3-9474-1A3956D46DE8}") = "test", "test", "{E025F2B4-3773-4CF4-8884-FE36A04D9DB2}"
EndProject
Project("{FAE04EC0-301F-11D3-BF4B-00C04F79EFBC}") = "BoomTown.MongoMigrate.Test", "test\BoomTown.MongoMigrate.Test\BoomTown.MongoMigrate.Test.csproj", "{1F8D5B01-C985-417B-A31B-A0C95AED4B03}"
EndProject
Project("{FAE04EC0-301F-11D3-BF4B-00C04F79EFBC}") = "BoomTown.MongoMigrate.ConsoleAppDemo", "test\BoomTown.MongoMigrate.ConsoleAppDemo\BoomTown.MongoMigrate.ConsoleAppDemo.csproj", "{918AD80A-EE59-4487-BD61-E6FF7D41A68E}"
EndProject
Global
	GlobalSection(SolutionConfigurationPlatforms) = preSolution
		Debug|Any CPU = Debug|Any CPU
		Debug|x64 = Debug|x64
		Debug|x86 = Debug|x86
		Release|Any CPU = Release|Any CPU
		Release|x64 = Release|x64
		Release|x86 = Release|x86
	EndGlobalSection
	GlobalSection(SolutionProperties) = preSolution
		HideSolutionNode = FALSE
	EndGlobalSection
	GlobalSection(ProjectConfigurationPlatforms) = postSolution
		{7F663A9B-868E-436C-86E6-5152DCA47FCF}.Debug|Any CPU.ActiveCfg = Debug|Any CPU
		{7F663A9B-868E-436C-86E6-5152DCA47FCF}.Debug|Any CPU.Build.0 = Debug|Any CPU
		{7F663A9B-868E-436C-86E6-5152DCA47FCF}.Debug|x64.ActiveCfg = Debug|Any CPU
		{7F663A9B-868E-436C-86E6-5152DCA47FCF}.Debug|x64.Build.0 = Debug|Any CPU
		{7F663A9B-868E-436C-86E6-5152DCA47FCF}.Debug|x86.ActiveCfg = Debug|Any CPU
		{7F663A9B-868E-436C-86E6-5152DCA47FCF}.Debug|x86.Build.0 = Debug|Any CPU
		{7F663A9B-868E-436C-86E6-5152DCA47FCF}.Release|Any CPU.ActiveCfg = Release|Any CPU
		{7F663A9B-868E-436C-86E6-5152DCA47FCF}.Release|Any CPU.Build.0 = Release|Any CPU
		{7F663A9B-868E-436C-86E6-5152DCA47FCF}.Release|x64.ActiveCfg = Release|Any CPU
		{7F663A9B-868E-436C-86E6-5152DCA47FCF}.Release|x64.Build.0 = Release|Any CPU
		{7F663A9B-868E-436C-86E6-5152DCA47FCF}.Release|x86.ActiveCfg = Release|Any CPU
		{7F663A9B-868E-436C-86E6-5152DCA47FCF}.Release|x86.Build.0 = Release|Any CPU
		{1F8D5B01-C985-417B-A31B-A0C95AED4B03}.Debug|Any CPU.ActiveCfg = Debug|Any CPU
		{1F8D5B01-C985-417B-A31B-A0C95AED4B03}.Debug|Any CPU.Build.0 = Debug|Any CPU
		{1F8D5B01-C985-417B-A31B-A0C95AED4B03}.Debug|x64.ActiveCfg = Debug|Any CPU
		{1F8D5B01-C985-417B-A31B-A0C95AED4B03}.Debug|x64.Build.0 = Debug|Any CPU
		{1F8D5B01-C985-417B-A31B-A0C95AED4B03}.Debug|x86.ActiveCfg = Debug|Any CPU
		{1F8D5B01-C985-417B-A31B-A0C95AED4B03}.Debug|x86.Build.0 = Debug|Any CPU
		{1F8D5B01-C985-417B-A31B-A0C95AED4B03}.Release|Any CPU.ActiveCfg = Release|Any CPU
		{1F8D5B01-C985-417B-A31B-A0C95AED4B03}.Release|Any CPU.Build.0 = Release|Any CPU
		{1F8D5B01-C985-417B-A31B-A0C95AED4B03}.Release|x64.ActiveCfg = Release|Any CPU
		{1F8D5B01-C985-417B-A31B-A0C95AED4B03}.Release|x64.Build.0 = Release|Any CPU
		{1F8D5B01-C985-417B-A31B-A0C95AED4B03}.Release|x86.ActiveCfg = Release|Any CPU
		{1F8D5B01-C985-417B-A31B-A0C95AED4B03}.Release|x86.Build.0 = Release|Any CPU
		{918AD80A-EE59-4487-BD61-E6FF7D41A68E}.Debug|Any CPU.ActiveCfg = Debug|Any CPU
		{918AD80A-EE59-4487-BD61-E6FF7D41A68E}.Debug|Any CPU.Build.0 = Debug|Any CPU
		{918AD80A-EE59-4487-BD61-E6FF7D41A68E}.Debug|x64.ActiveCfg = Debug|Any CPU
		{918AD80A-EE59-4487-BD61-E6FF7D41A68E}.Debug|x64.Build.0 = Debug|Any CPU
		{918AD80A-EE59-4487-BD61-E6FF7D41A68E}.Debug|x86.ActiveCfg = Debug|Any CPU
		{918AD80A-EE59-4487-BD61-E6FF7D41A68E}.Debug|x86.Build.0 = Debug|Any CPU
		{918AD80A-EE59-4487-BD61-E6FF7D41A68E}.Release|Any CPU.ActiveCfg = Release|Any CPU
		{918AD80A-EE59-4487-BD61-E6FF7D41A68E}.Release|Any CPU.Build.0 = Release|Any CPU
		{918AD80A-EE59-4487-BD61-E6FF7D41A68E}.Release|x64.ActiveCfg = Release|Any CPU
		{918AD80A-EE59-4487-BD61-E6FF7D41A68E}.Release|x64.Build.0 = Release|Any CPU
		{918AD80A-EE59-4487-BD61-E6FF7D41A68E}.Release|x86.ActiveCfg = Release|Any CPU
		{918AD80A-EE59-4487-BD61-E6FF7D41A68E}.Release|x86.Build.0 = Release|Any CPU
	EndGlobalSection
	GlobalSection(NestedProjects) = preSolution
		{7F663A9B-868E-436C-86E6-5152DCA47FCF} = {7862F5A5-E6F4-4F87-B056-1E4341B29198}
		{1F8D5B01-C985-417B-A31B-A0C95AED4B03} = {E025F2B4-3773-4CF4-8884-FE36A04D9DB2}
		{918AD80A-EE59-4487-BD61-E6FF7D41A68E} = {E025F2B4-3773-4CF4-8884-FE36A04D9DB2}
	EndGlobalSection
EndGlobal
